
Microsoft Visual Studio Solution File, Format Version 12.00
# Visual Studio 2013
VisualStudioVersion = 12.0.31101.0
MinimumVisualStudioVersion = 10.0.40219.1
Project("{FAE04EC0-301F-11D3-BF4B-00C04F79EFBC}") = "WebSocketLib", "WebSocketLib\WebSocketLib.csproj", "{0A4DB382-839D-464F-845C-39F929EF98A2}"
EndProject
Project("{FAE04EC0-301F-11D3-BF4B-00C04F79EFBC}") = "WebSocketLib.Test", "WebSocketLib.Test\WebSocketLib.Test.csproj", "{BB9EC7A4-226B-4C34-94EC-1D4A05FECEE1}"
EndProject
Global
	GlobalSection(SolutionConfigurationPlatforms) = preSolution
		Debug|Any CPU = Debug|Any CPU
		Release|Any CPU = Release|Any CPU
	EndGlobalSection
	GlobalSection(ProjectConfigurationPlatforms) = postSolution
		{0A4DB382-839D-464F-845C-39F929EF98A2}.Debug|Any CPU.ActiveCfg = Debug|Any CPU
		{0A4DB382-839D-464F-845C-39F929EF98A2}.Debug|Any CPU.Build.0 = Debug|Any CPU
		{0A4DB382-839D-464F-845C-39F929EF98A2}.Release|Any CPU.ActiveCfg = Release|Any CPU
		{0A4DB382-839D-464F-845C-39F929EF98A2}.Release|Any CPU.Build.0 = Release|Any CPU
		{BB9EC7A4-226B-4C34-94EC-1D4A05FECEE1}.Debug|Any CPU.ActiveCfg = Debug|Any CPU
		{BB9EC7A4-226B-4C34-94EC-1D4A05FECEE1}.Debug|Any CPU.Build.0 = Debug|Any CPU
		{BB9EC7A4-226B-4C34-94EC-1D4A05FECEE1}.Release|Any CPU.ActiveCfg = Release|Any CPU
		{BB9EC7A4-226B-4C34-94EC-1D4A05FECEE1}.Release|Any CPU.Build.0 = Release|Any CPU
	EndGlobalSection
	GlobalSection(SolutionProperties) = preSolution
		HideSolutionNode = FALSE
	EndGlobalSection
EndGlobal
